
Microsoft Visual Studio Solution File, Format Version 12.00
# Visual Studio Version 16
VisualStudioVersion = 16.0.29728.190
MinimumVisualStudioVersion = 10.0.40219.1
Project("{FAE04EC0-301F-11D3-BF4B-00C04F79EFBC}") = "IdentityServer.SSO", "IdentityServer.SSO.csproj", "{C2AA67CB-5487-486E-82FA-CEFA07AC707B}"
EndProject
Global
	GlobalSection(SolutionConfigurationPlatforms) = preSolution
		Debug|Any CPU = Debug|Any CPU
		Release|Any CPU = Release|Any CPU
	EndGlobalSection
	GlobalSection(ProjectConfigurationPlatforms) = postSolution
		{C2AA67CB-5487-486E-82FA-CEFA07AC707B}.Debug|Any CPU.ActiveCfg = Debug|Any CPU
		{C2AA67CB-5487-486E-82FA-CEFA07AC707B}.Debug|Any CPU.Build.0 = Debug|Any CPU
		{C2AA67CB-5487-486E-82FA-CEFA07AC707B}.Release|Any CPU.ActiveCfg = Release|Any CPU
		{C2AA67CB-5487-486E-82FA-CEFA07AC707B}.Release|Any CPU.Build.0 = Release|Any CPU
	EndGlobalSection
	GlobalSection(SolutionProperties) = preSolution
		HideSolutionNode = FALSE
	EndGlobalSection
	GlobalSection(ExtensibilityGlobals) = postSolution
		SolutionGuid = {8BCCB9EF-0ED4-48BE-B864-EBD644C15E36}
	EndGlobalSection
EndGlobal
