
Microsoft Visual Studio Solution File, Format Version 12.00
# Visual Studio Version 16
VisualStudioVersion = 16.0.29728.190
MinimumVisualStudioVersion = 10.0.40219.1
Project("{9A19103F-16F7-4668-BE54-9A1E7A4F7556}") = "IdentityServer.SSO", "IdentityServer.SSO\IdentityServer.SSO.csproj", "{36030BF4-9871-4D6F-B5D7-EF16DECBB941}"
EndProject
Project("{9A19103F-16F7-4668-BE54-9A1E7A4F7556}") = "IdentityServer.SSO.Model", "IdentityServer.SSO.Model\IdentityServer.SSO.Model.csproj", "{67235FC1-F3EC-4FED-8698-6E7BF81EB448}"
EndProject
Project("{9A19103F-16F7-4668-BE54-9A1E7A4F7556}") = "IdentityServer.SSO.Business", "IdentityServer.SSO.Business\IdentityServer.SSO.Business.csproj", "{FE56F534-D09E-431A-AE80-15F81CB51C87}"
EndProject
Project("{9A19103F-16F7-4668-BE54-9A1E7A4F7556}") = "IdentityServer.SSO.IoC", "IdentityServer.SSO.IoC\IdentityServer.SSO.IoC.csproj", "{BCF32F63-5D0F-4619-BCBE-488274429596}"
EndProject
Project("{2150E333-8FDC-42A3-9474-1A3956D46DE8}") = "CrossCutting", "CrossCutting", "{040D0B6B-BB1F-48A1-A042-3BB2FF05F9BB}"
EndProject
Project("{9A19103F-16F7-4668-BE54-9A1E7A4F7556}") = "IdentityServer.SSO.Business.Interfaces", "IdentityServer.SSO.Business.Interfaces\IdentityServer.SSO.Business.Interfaces.csproj", "{8DC5C0F3-6132-4358-962E-6318A51F5D4D}"
EndProject
Project("{9A19103F-16F7-4668-BE54-9A1E7A4F7556}") = "IdentityServer.SSO.Data", "IdentityServer.SSO.Data\IdentityServer.SSO.Data.csproj", "{9F3A416E-C471-4F79-9201-B9E0CEE24236}"
EndProject
Project("{9A19103F-16F7-4668-BE54-9A1E7A4F7556}") = "IdentityServer.SSO.Data.Interfaces", "IdentityServer.SSO.Data.Interfaces\IdentityServer.SSO.Data.Interfaces.csproj", "{E2D9163B-0174-4E5D-A0DA-DB7121AB3E7A}"
EndProject
Project("{2150E333-8FDC-42A3-9474-1A3956D46DE8}") = "Module", "Module", "{2C9434F3-4C8D-4C58-AD84-A730127064BB}"
EndProject
Project("{9A19103F-16F7-4668-BE54-9A1E7A4F7556}") = "IdentityServer.SSO.Enums", "IdentityServer.SSO.Enums\IdentityServer.SSO.Enums.csproj", "{86EC12D7-8215-4C70-92C9-F61C38D82B87}"
EndProject
Global
	GlobalSection(SolutionConfigurationPlatforms) = preSolution
		Debug|Any CPU = Debug|Any CPU
		Release|Any CPU = Release|Any CPU
	EndGlobalSection
	GlobalSection(ProjectConfigurationPlatforms) = postSolution
		{36030BF4-9871-4D6F-B5D7-EF16DECBB941}.Debug|Any CPU.ActiveCfg = Debug|Any CPU
		{36030BF4-9871-4D6F-B5D7-EF16DECBB941}.Debug|Any CPU.Build.0 = Debug|Any CPU
		{36030BF4-9871-4D6F-B5D7-EF16DECBB941}.Release|Any CPU.ActiveCfg = Release|Any CPU
		{36030BF4-9871-4D6F-B5D7-EF16DECBB941}.Release|Any CPU.Build.0 = Release|Any CPU
		{67235FC1-F3EC-4FED-8698-6E7BF81EB448}.Debug|Any CPU.ActiveCfg = Debug|Any CPU
		{67235FC1-F3EC-4FED-8698-6E7BF81EB448}.Debug|Any CPU.Build.0 = Debug|Any CPU
		{67235FC1-F3EC-4FED-8698-6E7BF81EB448}.Release|Any CPU.ActiveCfg = Release|Any CPU
		{67235FC1-F3EC-4FED-8698-6E7BF81EB448}.Release|Any CPU.Build.0 = Release|Any CPU
		{FE56F534-D09E-431A-AE80-15F81CB51C87}.Debug|Any CPU.ActiveCfg = Debug|Any CPU
		{FE56F534-D09E-431A-AE80-15F81CB51C87}.Debug|Any CPU.Build.0 = Debug|Any CPU
		{FE56F534-D09E-431A-AE80-15F81CB51C87}.Release|Any CPU.ActiveCfg = Release|Any CPU
		{FE56F534-D09E-431A-AE80-15F81CB51C87}.Release|Any CPU.Build.0 = Release|Any CPU
		{BCF32F63-5D0F-4619-BCBE-488274429596}.Debug|Any CPU.ActiveCfg = Debug|Any CPU
		{BCF32F63-5D0F-4619-BCBE-488274429596}.Debug|Any CPU.Build.0 = Debug|Any CPU
		{BCF32F63-5D0F-4619-BCBE-488274429596}.Release|Any CPU.ActiveCfg = Release|Any CPU
		{BCF32F63-5D0F-4619-BCBE-488274429596}.Release|Any CPU.Build.0 = Release|Any CPU
		{8DC5C0F3-6132-4358-962E-6318A51F5D4D}.Debug|Any CPU.ActiveCfg = Debug|Any CPU
		{8DC5C0F3-6132-4358-962E-6318A51F5D4D}.Debug|Any CPU.Build.0 = Debug|Any CPU
		{8DC5C0F3-6132-4358-962E-6318A51F5D4D}.Release|Any CPU.ActiveCfg = Release|Any CPU
		{8DC5C0F3-6132-4358-962E-6318A51F5D4D}.Release|Any CPU.Build.0 = Release|Any CPU
		{9F3A416E-C471-4F79-9201-B9E0CEE24236}.Debug|Any CPU.ActiveCfg = Debug|Any CPU
		{9F3A416E-C471-4F79-9201-B9E0CEE24236}.Debug|Any CPU.Build.0 = Debug|Any CPU
		{9F3A416E-C471-4F79-9201-B9E0CEE24236}.Release|Any CPU.ActiveCfg = Release|Any CPU
		{9F3A416E-C471-4F79-9201-B9E0CEE24236}.Release|Any CPU.Build.0 = Release|Any CPU
		{E2D9163B-0174-4E5D-A0DA-DB7121AB3E7A}.Debug|Any CPU.ActiveCfg = Debug|Any CPU
		{E2D9163B-0174-4E5D-A0DA-DB7121AB3E7A}.Debug|Any CPU.Build.0 = Debug|Any CPU
		{E2D9163B-0174-4E5D-A0DA-DB7121AB3E7A}.Release|Any CPU.ActiveCfg = Release|Any CPU
		{E2D9163B-0174-4E5D-A0DA-DB7121AB3E7A}.Release|Any CPU.Build.0 = Release|Any CPU
		{86EC12D7-8215-4C70-92C9-F61C38D82B87}.Debug|Any CPU.ActiveCfg = Debug|Any CPU
		{86EC12D7-8215-4C70-92C9-F61C38D82B87}.Debug|Any CPU.Build.0 = Debug|Any CPU
		{86EC12D7-8215-4C70-92C9-F61C38D82B87}.Release|Any CPU.ActiveCfg = Release|Any CPU
		{86EC12D7-8215-4C70-92C9-F61C38D82B87}.Release|Any CPU.Build.0 = Release|Any CPU
	EndGlobalSection
	GlobalSection(SolutionProperties) = preSolution
		HideSolutionNode = FALSE
	EndGlobalSection
	GlobalSection(NestedProjects) = preSolution
		{36030BF4-9871-4D6F-B5D7-EF16DECBB941} = {2C9434F3-4C8D-4C58-AD84-A730127064BB}
		{67235FC1-F3EC-4FED-8698-6E7BF81EB448} = {2C9434F3-4C8D-4C58-AD84-A730127064BB}
		{FE56F534-D09E-431A-AE80-15F81CB51C87} = {2C9434F3-4C8D-4C58-AD84-A730127064BB}
		{BCF32F63-5D0F-4619-BCBE-488274429596} = {040D0B6B-BB1F-48A1-A042-3BB2FF05F9BB}
		{8DC5C0F3-6132-4358-962E-6318A51F5D4D} = {2C9434F3-4C8D-4C58-AD84-A730127064BB}
		{9F3A416E-C471-4F79-9201-B9E0CEE24236} = {2C9434F3-4C8D-4C58-AD84-A730127064BB}
		{E2D9163B-0174-4E5D-A0DA-DB7121AB3E7A} = {2C9434F3-4C8D-4C58-AD84-A730127064BB}
		{86EC12D7-8215-4C70-92C9-F61C38D82B87} = {2C9434F3-4C8D-4C58-AD84-A730127064BB}
	EndGlobalSection
	GlobalSection(ExtensibilityGlobals) = postSolution
		SolutionGuid = {283E2D3C-D41D-43EB-84C1-34806D8C965D}
	EndGlobalSection
EndGlobal
